// !$*UTF8*$!
{
	archiveVersion = 1;
	classes = {
	};
	objectVersion = 51;
	objects = {

/* Begin PBXBuildFile section */
		AB9122D525D2475400675E74 /* AppDelegate.swift in Sources */ = {isa = PBXBuildFile; fileRef = AB9122D425D2475400675E74 /* AppDelegate.swift */; };
		AB9122D725D2475400675E74 /* SceneDelegate.swift in Sources */ = {isa = PBXBuildFile; fileRef = AB9122D625D2475400675E74 /* SceneDelegate.swift */; };
		AB9122D925D2475400675E74 /* ViewController.swift in Sources */ = {isa = PBXBuildFile; fileRef = AB9122D825D2475400675E74 /* ViewController.swift */; };
		AB9122DC25D2475400675E74 /* Main.storyboard in Resources */ = {isa = PBXBuildFile; fileRef = AB9122DA25D2475400675E74 /* Main.storyboard */; };
		AB9122DE25D2475500675E74 /* Assets.xcassets in Resources */ = {isa = PBXBuildFile; fileRef = AB9122DD25D2475500675E74 /* Assets.xcassets */; };
		AB9122E125D2475500675E74 /* LaunchScreen.storyboard in Resources */ = {isa = PBXBuildFile; fileRef = AB9122DF25D2475500675E74 /* LaunchScreen.storyboard */; };
		AB9122EC25D2475500675E74 /* Plant_TrackerTests.swift in Sources */ = {isa = PBXBuildFile; fileRef = AB9122EB25D2475500675E74 /* Plant_TrackerTests.swift */; };
		AB9122F725D2475500675E74 /* Plant_TrackerUITests.swift in Sources */ = {isa = PBXBuildFile; fileRef = AB9122F625D2475500675E74 /* Plant_TrackerUITests.swift */; };
		E15E90A640D84E5466D9081A /* Pods_Plant_Tracker.framework in Frameworks */ = {isa = PBXBuildFile; fileRef = 5EAD1D534F9F80605CDB4183 /* Pods_Plant_Tracker.framework */; };
/* End PBXBuildFile section */

/* Begin PBXContainerItemProxy section */
		AB9122E825D2475500675E74 /* PBXContainerItemProxy */ = {
			isa = PBXContainerItemProxy;
			containerPortal = AB9122C925D2475400675E74 /* Project object */;
			proxyType = 1;
			remoteGlobalIDString = AB9122D025D2475400675E74;
			remoteInfo = "Plant Tracker";
		};
		AB9122F325D2475500675E74 /* PBXContainerItemProxy */ = {
			isa = PBXContainerItemProxy;
			containerPortal = AB9122C925D2475400675E74 /* Project object */;
			proxyType = 1;
			remoteGlobalIDString = AB9122D025D2475400675E74;
			remoteInfo = "Plant Tracker";
		};
/* End PBXContainerItemProxy section */

/* Begin PBXFileReference section */
		5EAD1D534F9F80605CDB4183 /* Pods_Plant_Tracker.framework */ = {isa = PBXFileReference; explicitFileType = wrapper.framework; includeInIndex = 0; path = Pods_Plant_Tracker.framework; sourceTree = BUILT_PRODUCTS_DIR; };
		AB9122D125D2475400675E74 /* Plant Tracker.app */ = {isa = PBXFileReference; explicitFileType = wrapper.application; includeInIndex = 0; path = "Plant Tracker.app"; sourceTree = BUILT_PRODUCTS_DIR; };
		AB9122D425D2475400675E74 /* AppDelegate.swift */ = {isa = PBXFileReference; lastKnownFileType = sourcecode.swift; path = AppDelegate.swift; sourceTree = "<group>"; };
		AB9122D625D2475400675E74 /* SceneDelegate.swift */ = {isa = PBXFileReference; lastKnownFileType = sourcecode.swift; path = SceneDelegate.swift; sourceTree = "<group>"; };
		AB9122D825D2475400675E74 /* ViewController.swift */ = {isa = PBXFileReference; lastKnownFileType = sourcecode.swift; path = ViewController.swift; sourceTree = "<group>"; };
		AB9122DB25D2475400675E74 /* Base */ = {isa = PBXFileReference; lastKnownFileType = file.storyboard; name = Base; path = Base.lproj/Main.storyboard; sourceTree = "<group>"; };
		AB9122DD25D2475500675E74 /* Assets.xcassets */ = {isa = PBXFileReference; lastKnownFileType = folder.assetcatalog; path = Assets.xcassets; sourceTree = "<group>"; };
		AB9122E025D2475500675E74 /* Base */ = {isa = PBXFileReference; lastKnownFileType = file.storyboard; name = Base; path = Base.lproj/LaunchScreen.storyboard; sourceTree = "<group>"; };
		AB9122E225D2475500675E74 /* Info.plist */ = {isa = PBXFileReference; lastKnownFileType = text.plist.xml; path = Info.plist; sourceTree = "<group>"; };
		AB9122E725D2475500675E74 /* Plant TrackerTests.xctest */ = {isa = PBXFileReference; explicitFileType = wrapper.cfbundle; includeInIndex = 0; path = "Plant TrackerTests.xctest"; sourceTree = BUILT_PRODUCTS_DIR; };
		AB9122EB25D2475500675E74 /* Plant_TrackerTests.swift */ = {isa = PBXFileReference; lastKnownFileType = sourcecode.swift; path = Plant_TrackerTests.swift; sourceTree = "<group>"; };
		AB9122ED25D2475500675E74 /* Info.plist */ = {isa = PBXFileReference; lastKnownFileType = text.plist.xml; path = Info.plist; sourceTree = "<group>"; };
		AB9122F225D2475500675E74 /* Plant TrackerUITests.xctest */ = {isa = PBXFileReference; explicitFileType = wrapper.cfbundle; includeInIndex = 0; path = "Plant TrackerUITests.xctest"; sourceTree = BUILT_PRODUCTS_DIR; };
		AB9122F625D2475500675E74 /* Plant_TrackerUITests.swift */ = {isa = PBXFileReference; lastKnownFileType = sourcecode.swift; path = Plant_TrackerUITests.swift; sourceTree = "<group>"; };
		AB9122F825D2475500675E74 /* Info.plist */ = {isa = PBXFileReference; lastKnownFileType = text.plist.xml; path = Info.plist; sourceTree = "<group>"; };
		CA4E00BCEEA2EFA2E8CE2CE3 /* Pods-Plant Tracker.debug.xcconfig */ = {isa = PBXFileReference; includeInIndex = 1; lastKnownFileType = text.xcconfig; name = "Pods-Plant Tracker.debug.xcconfig"; path = "Target Support Files/Pods-Plant Tracker/Pods-Plant Tracker.debug.xcconfig"; sourceTree = "<group>"; };
		E83DD5C5A538163415567222 /* Pods-Plant Tracker.release.xcconfig */ = {isa = PBXFileReference; includeInIndex = 1; lastKnownFileType = text.xcconfig; name = "Pods-Plant Tracker.release.xcconfig"; path = "Target Support Files/Pods-Plant Tracker/Pods-Plant Tracker.release.xcconfig"; sourceTree = "<group>"; };
/* End PBXFileReference section */

/* Begin PBXFrameworksBuildPhase section */
		AB9122CE25D2475400675E74 /* Frameworks */ = {
			isa = PBXFrameworksBuildPhase;
			buildActionMask = 2147483647;
			files = (
				E15E90A640D84E5466D9081A /* Pods_Plant_Tracker.framework in Frameworks */,
			);
			runOnlyForDeploymentPostprocessing = 0;
		};
		AB9122E425D2475500675E74 /* Frameworks */ = {
			isa = PBXFrameworksBuildPhase;
			buildActionMask = 2147483647;
			files = (
			);
			runOnlyForDeploymentPostprocessing = 0;
		};
		AB9122EF25D2475500675E74 /* Frameworks */ = {
			isa = PBXFrameworksBuildPhase;
			buildActionMask = 2147483647;
			files = (
			);
			runOnlyForDeploymentPostprocessing = 0;
		};
/* End PBXFrameworksBuildPhase section */

/* Begin PBXGroup section */
		56607615ED7135F90CE918E4 /* Frameworks */ = {
			isa = PBXGroup;
			children = (
				5EAD1D534F9F80605CDB4183 /* Pods_Plant_Tracker.framework */,
			);
			name = Frameworks;
			sourceTree = "<group>";
		};
		AB9122C825D2475400675E74 = {
			isa = PBXGroup;
			children = (
				AB9122D325D2475400675E74 /* Plant Tracker */,
				AB9122EA25D2475500675E74 /* Plant TrackerTests */,
				AB9122F525D2475500675E74 /* Plant TrackerUITests */,
				AB9122D225D2475400675E74 /* Products */,
				C3A3E135CEA2478CDC795749 /* Pods */,
				56607615ED7135F90CE918E4 /* Frameworks */,
			);
			sourceTree = "<group>";
		};
		AB9122D225D2475400675E74 /* Products */ = {
			isa = PBXGroup;
			children = (
				AB9122D125D2475400675E74 /* Plant Tracker.app */,
				AB9122E725D2475500675E74 /* Plant TrackerTests.xctest */,
				AB9122F225D2475500675E74 /* Plant TrackerUITests.xctest */,
			);
			name = Products;
			sourceTree = "<group>";
		};
		AB9122D325D2475400675E74 /* Plant Tracker */ = {
			isa = PBXGroup;
			children = (
				AB9122D425D2475400675E74 /* AppDelegate.swift */,
				AB9122D625D2475400675E74 /* SceneDelegate.swift */,
				AB9122D825D2475400675E74 /* ViewController.swift */,
				AB9122DA25D2475400675E74 /* Main.storyboard */,
				AB9122DD25D2475500675E74 /* Assets.xcassets */,
				AB9122DF25D2475500675E74 /* LaunchScreen.storyboard */,
				AB9122E225D2475500675E74 /* Info.plist */,
			);
			path = "Plant Tracker";
			sourceTree = "<group>";
		};
		AB9122EA25D2475500675E74 /* Plant TrackerTests */ = {
			isa = PBXGroup;
			children = (
				AB9122EB25D2475500675E74 /* Plant_TrackerTests.swift */,
				AB9122ED25D2475500675E74 /* Info.plist */,
			);
			path = "Plant TrackerTests";
			sourceTree = "<group>";
		};
		AB9122F525D2475500675E74 /* Plant TrackerUITests */ = {
			isa = PBXGroup;
			children = (
				AB9122F625D2475500675E74 /* Plant_TrackerUITests.swift */,
				AB9122F825D2475500675E74 /* Info.plist */,
			);
			path = "Plant TrackerUITests";
			sourceTree = "<group>";
		};
		C3A3E135CEA2478CDC795749 /* Pods */ = {
			isa = PBXGroup;
			children = (
				CA4E00BCEEA2EFA2E8CE2CE3 /* Pods-Plant Tracker.debug.xcconfig */,
				E83DD5C5A538163415567222 /* Pods-Plant Tracker.release.xcconfig */,
			);
			path = Pods;
			sourceTree = "<group>";
		};
/* End PBXGroup section */

/* Begin PBXNativeTarget section */
		AB9122D025D2475400675E74 /* Plant Tracker */ = {
			isa = PBXNativeTarget;
			buildConfigurationList = AB9122FB25D2475500675E74 /* Build configuration list for PBXNativeTarget "Plant Tracker" */;
			buildPhases = (
				24284E112F74D81AC7DF25D9 /* [CP] Check Pods Manifest.lock */,
				AB9122CD25D2475400675E74 /* Sources */,
				AB9122CE25D2475400675E74 /* Frameworks */,
				AB9122CF25D2475400675E74 /* Resources */,
				BFBAB0A792877EC8BF7CFF7D /* [CP] Embed Pods Frameworks */,
			);
			buildRules = (
			);
			dependencies = (
			);
			name = "Plant Tracker";
			productName = "Plant Tracker";
			productReference = AB9122D125D2475400675E74 /* Plant Tracker.app */;
			productType = "com.apple.product-type.application";
		};
		AB9122E625D2475500675E74 /* Plant TrackerTests */ = {
			isa = PBXNativeTarget;
			buildConfigurationList = AB9122FE25D2475500675E74 /* Build configuration list for PBXNativeTarget "Plant TrackerTests" */;
			buildPhases = (
				AB9122E325D2475500675E74 /* Sources */,
				AB9122E425D2475500675E74 /* Frameworks */,
				AB9122E525D2475500675E74 /* Resources */,
			);
			buildRules = (
			);
			dependencies = (
				AB9122E925D2475500675E74 /* PBXTargetDependency */,
			);
			name = "Plant TrackerTests";
			productName = "Plant TrackerTests";
			productReference = AB9122E725D2475500675E74 /* Plant TrackerTests.xctest */;
			productType = "com.apple.product-type.bundle.unit-test";
		};
		AB9122F125D2475500675E74 /* Plant TrackerUITests */ = {
			isa = PBXNativeTarget;
			buildConfigurationList = AB91230125D2475500675E74 /* Build configuration list for PBXNativeTarget "Plant TrackerUITests" */;
			buildPhases = (
				AB9122EE25D2475500675E74 /* Sources */,
				AB9122EF25D2475500675E74 /* Frameworks */,
				AB9122F025D2475500675E74 /* Resources */,
			);
			buildRules = (
			);
			dependencies = (
				AB9122F425D2475500675E74 /* PBXTargetDependency */,
			);
			name = "Plant TrackerUITests";
			productName = "Plant TrackerUITests";
			productReference = AB9122F225D2475500675E74 /* Plant TrackerUITests.xctest */;
			productType = "com.apple.product-type.bundle.ui-testing";
		};
/* End PBXNativeTarget section */

/* Begin PBXProject section */
		AB9122C925D2475400675E74 /* Project object */ = {
			isa = PBXProject;
			attributes = {
				LastSwiftUpdateCheck = 1230;
				LastUpgradeCheck = 1230;
				TargetAttributes = {
					AB9122D025D2475400675E74 = {
						CreatedOnToolsVersion = 12.3;
					};
					AB9122E625D2475500675E74 = {
						CreatedOnToolsVersion = 12.3;
						TestTargetID = AB9122D025D2475400675E74;
					};
					AB9122F125D2475500675E74 = {
						CreatedOnToolsVersion = 12.3;
						TestTargetID = AB9122D025D2475400675E74;
					};
				};
			};
			buildConfigurationList = AB9122CC25D2475400675E74 /* Build configuration list for PBXProject "Plant Tracker" */;
			compatibilityVersion = "Xcode 9.3";
			developmentRegion = en;
			hasScannedForEncodings = 0;
			knownRegions = (
				en,
				Base,
			);
			mainGroup = AB9122C825D2475400675E74;
			productRefGroup = AB9122D225D2475400675E74 /* Products */;
			projectDirPath = "";
			projectRoot = "";
			targets = (
				AB9122D025D2475400675E74 /* Plant Tracker */,
				AB9122E625D2475500675E74 /* Plant TrackerTests */,
				AB9122F125D2475500675E74 /* Plant TrackerUITests */,
			);
		};
/* End PBXProject section */

/* Begin PBXResourcesBuildPhase section */
		AB9122CF25D2475400675E74 /* Resources */ = {
			isa = PBXResourcesBuildPhase;
			buildActionMask = 2147483647;
			files = (
				AB9122E125D2475500675E74 /* LaunchScreen.storyboard in Resources */,
				AB9122DE25D2475500675E74 /* Assets.xcassets in Resources */,
				AB9122DC25D2475400675E74 /* Main.storyboard in Resources */,
			);
			runOnlyForDeploymentPostprocessing = 0;
		};
		AB9122E525D2475500675E74 /* Resources */ = {
			isa = PBXResourcesBuildPhase;
			buildActionMask = 2147483647;
			files = (
			);
			runOnlyForDeploymentPostprocessing = 0;
		};
		AB9122F025D2475500675E74 /* Resources */ = {
			isa = PBXResourcesBuildPhase;
			buildActionMask = 2147483647;
			files = (
			);
			runOnlyForDeploymentPostprocessing = 0;
		};
/* End PBXResourcesBuildPhase section */

/* Begin PBXShellScriptBuildPhase section */
		24284E112F74D81AC7DF25D9 /* [CP] Check Pods Manifest.lock */ = {
			isa = PBXShellScriptBuildPhase;
			buildActionMask = 2147483647;
			files = (
			);
			inputFileListPaths = (
			);
			inputPaths = (
				"${PODS_PODFILE_DIR_PATH}/Podfile.lock",
				"${PODS_ROOT}/Manifest.lock",
			);
			name = "[CP] Check Pods Manifest.lock";
			outputFileListPaths = (
			);
			outputPaths = (
				"$(DERIVED_FILE_DIR)/Pods-Plant Tracker-checkManifestLockResult.txt",
			);
			runOnlyForDeploymentPostprocessing = 0;
			shellPath = /bin/sh;
			shellScript = "diff \"${PODS_PODFILE_DIR_PATH}/Podfile.lock\" \"${PODS_ROOT}/Manifest.lock\" > /dev/null\nif [ $? != 0 ] ; then\n    # print error to STDERR\n    echo \"error: The sandbox is not in sync with the Podfile.lock. Run 'pod install' or update your CocoaPods installation.\" >&2\n    exit 1\nfi\n# This output is used by Xcode 'outputs' to avoid re-running this script phase.\necho \"SUCCESS\" > \"${SCRIPT_OUTPUT_FILE_0}\"\n";
			showEnvVarsInLog = 0;
		};
		BFBAB0A792877EC8BF7CFF7D /* [CP] Embed Pods Frameworks */ = {
			isa = PBXShellScriptBuildPhase;
			buildActionMask = 2147483647;
			files = (
			);
			inputFileListPaths = (
				"${PODS_ROOT}/Target Support Files/Pods-Plant Tracker/Pods-Plant Tracker-frameworks-${CONFIGURATION}-input-files.xcfilelist",
			);
			name = "[CP] Embed Pods Frameworks";
			outputFileListPaths = (
				"${PODS_ROOT}/Target Support Files/Pods-Plant Tracker/Pods-Plant Tracker-frameworks-${CONFIGURATION}-output-files.xcfilelist",
			);
			runOnlyForDeploymentPostprocessing = 0;
			shellPath = /bin/sh;
			shellScript = "\"${PODS_ROOT}/Target Support Files/Pods-Plant Tracker/Pods-Plant Tracker-frameworks.sh\"\n";
			showEnvVarsInLog = 0;
		};
/* End PBXShellScriptBuildPhase section */

/* Begin PBXSourcesBuildPhase section */
		AB9122CD25D2475400675E74 /* Sources */ = {
			isa = PBXSourcesBuildPhase;
			buildActionMask = 2147483647;
			files = (
				AB9122D925D2475400675E74 /* ViewController.swift in Sources */,
				AB9122D525D2475400675E74 /* AppDelegate.swift in Sources */,
				AB9122D725D2475400675E74 /* SceneDelegate.swift in Sources */,
			);
			runOnlyForDeploymentPostprocessing = 0;
		};
		AB9122E325D2475500675E74 /* Sources */ = {
			isa = PBXSourcesBuildPhase;
			buildActionMask = 2147483647;
			files = (
				AB9122EC25D2475500675E74 /* Plant_TrackerTests.swift in Sources */,
			);
			runOnlyForDeploymentPostprocessing = 0;
		};
		AB9122EE25D2475500675E74 /* Sources */ = {
			isa = PBXSourcesBuildPhase;
			buildActionMask = 2147483647;
			files = (
				AB9122F725D2475500675E74 /* Plant_TrackerUITests.swift in Sources */,
			);
			runOnlyForDeploymentPostprocessing = 0;
		};
/* End PBXSourcesBuildPhase section */

/* Begin PBXTargetDependency section */
		AB9122E925D2475500675E74 /* PBXTargetDependency */ = {
			isa = PBXTargetDependency;
			target = AB9122D025D2475400675E74 /* Plant Tracker */;
			targetProxy = AB9122E825D2475500675E74 /* PBXContainerItemProxy */;
		};
		AB9122F425D2475500675E74 /* PBXTargetDependency */ = {
			isa = PBXTargetDependency;
			target = AB9122D025D2475400675E74 /* Plant Tracker */;
			targetProxy = AB9122F325D2475500675E74 /* PBXContainerItemProxy */;
		};
/* End PBXTargetDependency section */

/* Begin PBXVariantGroup section */
		AB9122DA25D2475400675E74 /* Main.storyboard */ = {
			isa = PBXVariantGroup;
			children = (
				AB9122DB25D2475400675E74 /* Base */,
			);
			name = Main.storyboard;
			sourceTree = "<group>";
		};
		AB9122DF25D2475500675E74 /* LaunchScreen.storyboard */ = {
			isa = PBXVariantGroup;
			children = (
				AB9122E025D2475500675E74 /* Base */,
			);
			name = LaunchScreen.storyboard;
			sourceTree = "<group>";
		};
/* End PBXVariantGroup section */

/* Begin XCBuildConfiguration section */
		AB9122F925D2475500675E74 /* Debug */ = {
			isa = XCBuildConfiguration;
			buildSettings = {
				ALWAYS_SEARCH_USER_PATHS = NO;
				CLANG_ANALYZER_NONNULL = YES;
				CLANG_ANALYZER_NUMBER_OBJECT_CONVERSION = YES_AGGRESSIVE;
				CLANG_CXX_LANGUAGE_STANDARD = "gnu++14";
				CLANG_CXX_LIBRARY = "libc++";
				CLANG_ENABLE_MODULES = YES;
				CLANG_ENABLE_OBJC_ARC = YES;
				CLANG_ENABLE_OBJC_WEAK = YES;
				CLANG_WARN_BLOCK_CAPTURE_AUTORELEASING = YES;
				CLANG_WARN_BOOL_CONVERSION = YES;
				CLANG_WARN_COMMA = YES;
				CLANG_WARN_CONSTANT_CONVERSION = YES;
				CLANG_WARN_DEPRECATED_OBJC_IMPLEMENTATIONS = YES;
				CLANG_WARN_DIRECT_OBJC_ISA_USAGE = YES_ERROR;
				CLANG_WARN_DOCUMENTATION_COMMENTS = YES;
				CLANG_WARN_EMPTY_BODY = YES;
				CLANG_WARN_ENUM_CONVERSION = YES;
				CLANG_WARN_INFINITE_RECURSION = YES;
				CLANG_WARN_INT_CONVERSION = YES;
				CLANG_WARN_NON_LITERAL_NULL_CONVERSION = YES;
				CLANG_WARN_OBJC_IMPLICIT_RETAIN_SELF = YES;
				CLANG_WARN_OBJC_LITERAL_CONVERSION = YES;
				CLANG_WARN_OBJC_ROOT_CLASS = YES_ERROR;
				CLANG_WARN_QUOTED_INCLUDE_IN_FRAMEWORK_HEADER = YES;
				CLANG_WARN_RANGE_LOOP_ANALYSIS = YES;
				CLANG_WARN_STRICT_PROTOTYPES = YES;
				CLANG_WARN_SUSPICIOUS_MOVE = YES;
				CLANG_WARN_UNGUARDED_AVAILABILITY = YES_AGGRESSIVE;
				CLANG_WARN_UNREACHABLE_CODE = YES;
				CLANG_WARN__DUPLICATE_METHOD_MATCH = YES;
				COPY_PHASE_STRIP = NO;
				DEBUG_INFORMATION_FORMAT = dwarf;
				ENABLE_STRICT_OBJC_MSGSEND = YES;
				ENABLE_TESTABILITY = YES;
				GCC_C_LANGUAGE_STANDARD = gnu11;
				GCC_DYNAMIC_NO_PIC = NO;
				GCC_NO_COMMON_BLOCKS = YES;
				GCC_OPTIMIZATION_LEVEL = 0;
				GCC_PREPROCESSOR_DEFINITIONS = (
					"DEBUG=1",
					"$(inherited)",
				);
				GCC_WARN_64_TO_32_BIT_CONVERSION = YES;
				GCC_WARN_ABOUT_RETURN_TYPE = YES_ERROR;
				GCC_WARN_UNDECLARED_SELECTOR = YES;
				GCC_WARN_UNINITIALIZED_AUTOS = YES_AGGRESSIVE;
				GCC_WARN_UNUSED_FUNCTION = YES;
				GCC_WARN_UNUSED_VARIABLE = YES;
				IPHONEOS_DEPLOYMENT_TARGET = 14.3;
				MTL_ENABLE_DEBUG_INFO = INCLUDE_SOURCE;
				MTL_FAST_MATH = YES;
				ONLY_ACTIVE_ARCH = YES;
				SDKROOT = iphoneos;
				SWIFT_ACTIVE_COMPILATION_CONDITIONS = DEBUG;
				SWIFT_OPTIMIZATION_LEVEL = "-Onone";
			};
			name = Debug;
		};
		AB9122FA25D2475500675E74 /* Release */ = {
			isa = XCBuildConfiguration;
			buildSettings = {
				ALWAYS_SEARCH_USER_PATHS = NO;
				CLANG_ANALYZER_NONNULL = YES;
				CLANG_ANALYZER_NUMBER_OBJECT_CONVERSION = YES_AGGRESSIVE;
				CLANG_CXX_LANGUAGE_STANDARD = "gnu++14";
				CLANG_CXX_LIBRARY = "libc++";
				CLANG_ENABLE_MODULES = YES;
				CLANG_ENABLE_OBJC_ARC = YES;
				CLANG_ENABLE_OBJC_WEAK = YES;
				CLANG_WARN_BLOCK_CAPTURE_AUTORELEASING = YES;
				CLANG_WARN_BOOL_CONVERSION = YES;
				CLANG_WARN_COMMA = YES;
				CLANG_WARN_CONSTANT_CONVERSION = YES;
				CLANG_WARN_DEPRECATED_OBJC_IMPLEMENTATIONS = YES;
				CLANG_WARN_DIRECT_OBJC_ISA_USAGE = YES_ERROR;
				CLANG_WARN_DOCUMENTATION_COMMENTS = YES;
				CLANG_WARN_EMPTY_BODY = YES;
				CLANG_WARN_ENUM_CONVERSION = YES;
				CLANG_WARN_INFINITE_RECURSION = YES;
				CLANG_WARN_INT_CONVERSION = YES;
				CLANG_WARN_NON_LITERAL_NULL_CONVERSION = YES;
				CLANG_WARN_OBJC_IMPLICIT_RETAIN_SELF = YES;
				CLANG_WARN_OBJC_LITERAL_CONVERSION = YES;
				CLANG_WARN_OBJC_ROOT_CLASS = YES_ERROR;
				CLANG_WARN_QUOTED_INCLUDE_IN_FRAMEWORK_HEADER = YES;
				CLANG_WARN_RANGE_LOOP_ANALYSIS = YES;
				CLANG_WARN_STRICT_PROTOTYPES = YES;
				CLANG_WARN_SUSPICIOUS_MOVE = YES;
				CLANG_WARN_UNGUARDED_AVAILABILITY = YES_AGGRESSIVE;
				CLANG_WARN_UNREACHABLE_CODE = YES;
				CLANG_WARN__DUPLICATE_METHOD_MATCH = YES;
				COPY_PHASE_STRIP = NO;
				DEBUG_INFORMATION_FORMAT = "dwarf-with-dsym";
				ENABLE_NS_ASSERTIONS = NO;
				ENABLE_STRICT_OBJC_MSGSEND = YES;
				GCC_C_LANGUAGE_STANDARD = gnu11;
				GCC_NO_COMMON_BLOCKS = YES;
				GCC_WARN_64_TO_32_BIT_CONVERSION = YES;
				GCC_WARN_ABOUT_RETURN_TYPE = YES_ERROR;
				GCC_WARN_UNDECLARED_SELECTOR = YES;
				GCC_WARN_UNINITIALIZED_AUTOS = YES_AGGRESSIVE;
				GCC_WARN_UNUSED_FUNCTION = YES;
				GCC_WARN_UNUSED_VARIABLE = YES;
				IPHONEOS_DEPLOYMENT_TARGET = 14.3;
				MTL_ENABLE_DEBUG_INFO = NO;
				MTL_FAST_MATH = YES;
				SDKROOT = iphoneos;
				SWIFT_COMPILATION_MODE = wholemodule;
				SWIFT_OPTIMIZATION_LEVEL = "-O";
				VALIDATE_PRODUCT = YES;
			};
			name = Release;
		};
		AB9122FC25D2475500675E74 /* Debug */ = {
			isa = XCBuildConfiguration;
			baseConfigurationReference = CA4E00BCEEA2EFA2E8CE2CE3 /* Pods-Plant Tracker.debug.xcconfig */;
			buildSettings = {
				ASSETCATALOG_COMPILER_APPICON_NAME = AppIcon;
				ASSETCATALOG_COMPILER_GLOBAL_ACCENT_COLOR_NAME = AccentColor;
				CODE_SIGN_STYLE = Automatic;
				DEVELOPMENT_TEAM = G8AW4BQ7RV;
				INFOPLIST_FILE = "Plant Tracker/Info.plist";
				IPHONEOS_DEPLOYMENT_TARGET = 14.3;
				LD_RUNPATH_SEARCH_PATHS = (
					"$(inherited)",
					"@executable_path/Frameworks",
				);
				PRODUCT_BUNDLE_IDENTIFIER = "JonathanUhler.Plant-Tracker";
				PRODUCT_NAME = "$(TARGET_NAME)";
				SWIFT_VERSION = 5.0;
				TARGETED_DEVICE_FAMILY = 1;
			};
			name = Debug;
		};
		AB9122FD25D2475500675E74 /* Release */ = {
			isa = XCBuildConfiguration;
			baseConfigurationReference = E83DD5C5A538163415567222 /* Pods-Plant Tracker.release.xcconfig */;
			buildSettings = {
				ASSETCATALOG_COMPILER_APPICON_NAME = AppIcon;
				ASSETCATALOG_COMPILER_GLOBAL_ACCENT_COLOR_NAME = AccentColor;
				CODE_SIGN_STYLE = Automatic;
				DEVELOPMENT_TEAM = G8AW4BQ7RV;
				INFOPLIST_FILE = "Plant Tracker/Info.plist";
				IPHONEOS_DEPLOYMENT_TARGET = 14.3;
				LD_RUNPATH_SEARCH_PATHS = (
					"$(inherited)",
					"@executable_path/Frameworks",
				);
				PRODUCT_BUNDLE_IDENTIFIER = "JonathanUhler.Plant-Tracker";
				PRODUCT_NAME = "$(TARGET_NAME)";
				SWIFT_VERSION = 5.0;
				TARGETED_DEVICE_FAMILY = 1;
			};
			name = Release;
		};
		AB9122FF25D2475500675E74 /* Debug */ = {
			isa = XCBuildConfiguration;
			buildSettings = {
				ALWAYS_EMBED_SWIFT_STANDARD_LIBRARIES = YES;
				BUNDLE_LOADER = "$(TEST_HOST)";
				CODE_SIGN_STYLE = Automatic;
				DEVELOPMENT_TEAM = G8AW4BQ7RV;
				INFOPLIST_FILE = "Plant TrackerTests/Info.plist";
				IPHONEOS_DEPLOYMENT_TARGET = 14.3;
				LD_RUNPATH_SEARCH_PATHS = (
					"$(inherited)",
					"@executable_path/Frameworks",
					"@loader_path/Frameworks",
				);
				PRODUCT_BUNDLE_IDENTIFIER = "JonathanUhler.Plant-TrackerTests";
				PRODUCT_NAME = "$(TARGET_NAME)";
				SWIFT_VERSION = 5.0;
				TARGETED_DEVICE_FAMILY = "1,2";
				TEST_HOST = "$(BUILT_PRODUCTS_DIR)/Plant Tracker.app/Plant Tracker";
			};
			name = Debug;
		};
		AB91230025D2475500675E74 /* Release */ = {
			isa = XCBuildConfiguration;
			buildSettings = {
				ALWAYS_EMBED_SWIFT_STANDARD_LIBRARIES = YES;
				BUNDLE_LOADER = "$(TEST_HOST)";
				CODE_SIGN_STYLE = Automatic;
				DEVELOPMENT_TEAM = G8AW4BQ7RV;
				INFOPLIST_FILE = "Plant TrackerTests/Info.plist";
				IPHONEOS_DEPLOYMENT_TARGET = 14.3;
				LD_RUNPATH_SEARCH_PATHS = (
					"$(inherited)",
					"@executable_path/Frameworks",
					"@loader_path/Frameworks",
				);
				PRODUCT_BUNDLE_IDENTIFIER = "JonathanUhler.Plant-TrackerTests";
				PRODUCT_NAME = "$(TARGET_NAME)";
				SWIFT_VERSION = 5.0;
				TARGETED_DEVICE_FAMILY = "1,2";
				TEST_HOST = "$(BUILT_PRODUCTS_DIR)/Plant Tracker.app/Plant Tracker";
			};
			name = Release;
		};
		AB91230225D2475500675E74 /* Debug */ = {
			isa = XCBuildConfiguration;
			buildSettings = {
				ALWAYS_EMBED_SWIFT_STANDARD_LIBRARIES = YES;
				CODE_SIGN_STYLE = Automatic;
				DEVELOPMENT_TEAM = G8AW4BQ7RV;
				INFOPLIST_FILE = "Plant TrackerUITests/Info.plist";
				LD_RUNPATH_SEARCH_PATHS = (
					"$(inherited)",
					"@executable_path/Frameworks",
					"@loader_path/Frameworks",
				);
				PRODUCT_BUNDLE_IDENTIFIER = "JonathanUhler.Plant-TrackerUITests";
				PRODUCT_NAME = "$(TARGET_NAME)";
				SWIFT_VERSION = 5.0;
				TARGETED_DEVICE_FAMILY = "1,2";
				TEST_TARGET_NAME = "Plant Tracker";
			};
			name = Debug;
		};
		AB91230325D2475500675E74 /* Release */ = {
			isa = XCBuildConfiguration;
			buildSettings = {
				ALWAYS_EMBED_SWIFT_STANDARD_LIBRARIES = YES;
				CODE_SIGN_STYLE = Automatic;
				DEVELOPMENT_TEAM = G8AW4BQ7RV;
				INFOPLIST_FILE = "Plant TrackerUITests/Info.plist";
				LD_RUNPATH_SEARCH_PATHS = (
					"$(inherited)",
					"@executable_path/Frameworks",
					"@loader_path/Frameworks",
				);
				PRODUCT_BUNDLE_IDENTIFIER = "JonathanUhler.Plant-TrackerUITests";
				PRODUCT_NAME = "$(TARGET_NAME)";
				SWIFT_VERSION = 5.0;
				TARGETED_DEVICE_FAMILY = "1,2";
				TEST_TARGET_NAME = "Plant Tracker";
			};
			name = Release;
		};
/* End XCBuildConfiguration section */

/* Begin XCConfigurationList section */
		AB9122CC25D2475400675E74 /* Build configuration list for PBXProject "Plant Tracker" */ = {
			isa = XCConfigurationList;
			buildConfigurations = (
				AB9122F925D2475500675E74 /* Debug */,
				AB9122FA25D2475500675E74 /* Release */,
			);
			defaultConfigurationIsVisible = 0;
			defaultConfigurationName = Release;
		};
		AB9122FB25D2475500675E74 /* Build configuration list for PBXNativeTarget "Plant Tracker" */ = {
			isa = XCConfigurationList;
			buildConfigurations = (
				AB9122FC25D2475500675E74 /* Debug */,
				AB9122FD25D2475500675E74 /* Release */,
			);
			defaultConfigurationIsVisible = 0;
			defaultConfigurationName = Release;
		};
		AB9122FE25D2475500675E74 /* Build configuration list for PBXNativeTarget "Plant TrackerTests" */ = {
			isa = XCConfigurationList;
			buildConfigurations = (
				AB9122FF25D2475500675E74 /* Debug */,
				AB91230025D2475500675E74 /* Release */,
			);
			defaultConfigurationIsVisible = 0;
			defaultConfigurationName = Release;
		};
		AB91230125D2475500675E74 /* Build configuration list for PBXNativeTarget "Plant TrackerUITests" */ = {
			isa = XCConfigurationList;
			buildConfigurations = (
				AB91230225D2475500675E74 /* Debug */,
				AB91230325D2475500675E74 /* Release */,
			);
			defaultConfigurationIsVisible = 0;
			defaultConfigurationName = Release;
		};
/* End XCConfigurationList section */
	};
	rootObject = AB9122C925D2475400675E74 /* Project object */;
}
